{
  "lockfile-version": 1,
  "manifest": {
    "version": 1,
    "install": {
      "docker": {
        "pkg-path": "docker"
      },
      "nodejs": {
        "pkg-path": "nodejs"
      },
      "podman": {
        "pkg-path": "podman"
      }
    },
    "hook": {
      "on-activate": "  # Autogenerated by Flox\n\n  # Install nodejs dependencies\n  npm install\n\n  # End autogenerated by Flox\n"
    },
    "profile": {},
    "options": {}
  },
  "packages": [
    {
      "attr_path": "docker",
      "broken": false,
      "derivation": "/nix/store/51irc24537070amgizgl71yrkm3prqnw-docker-29.3.1.drv",
      "description": "Open source project to pack, ship and run any application as a lightweight container",
      "install_id": "docker",
      "license": "Apache-2.0",
      "locked_url": "https://github.com/flox/nixpkgs?rev=4c1018dae018162ec878d42fec712642d214fdfa",
      "name": "docker-29.3.1",
      "pname": "docker",
      "rev": "4c1018dae018162ec878d42fec712642d214fdfa",
      "rev_count": 977467,
      "rev_date": "2026-04-09T04:48:10Z",
      "scrape_date": "2026-04-11T06:03:33.656048Z",
      "stabilities": [
        "unstable"
      ],
      "unfree": false,
      "version": "29.3.1",
      "outputs_to_install": [
        "out"
      ],
      "outputs": {
        "out": "/nix/store/qjlvy12v8kan4n26f4rj1f3lp1kbvf01-docker-29.3.1"
      },
      "system": "aarch64-darwin",
      "group": "toplevel",
      "priority": 5
    },
    {
      "attr_path": "docker",
      "broken": false,
      "derivation": "/nix/store/3ka7zwl9xxz35idjg0avlmj0m8vg1w3m-docker-29.3.1.drv",
      "description": "Open source project to pack, ship and run any application as a lightweight container",
      "install_id": "docker",
      "license": "Apache-2.0",
      "locked_url": "https://github.com/flox/nixpkgs?rev=4c1018dae018162ec878d42fec712642d214fdfa",
      "name": "docker-29.3.1",
      "pname": "docker",
      "rev": "4c1018dae018162ec878d42fec712642d214fdfa",
      "rev_count": 977467,
      "rev_date": "2026-04-09T04:48:10Z",
      "scrape_date": "2026-04-11T06:34:59.363977Z",
      "stabilities": [
        "unstable"
      ],
      "unfree": false,
      "version": "29.3.1",
      "outputs_to_install": [
        "out"
      ],
      "outputs": {
        "out": "/nix/store/9lm22pxisad16bniddr6l7zqmp8rpl4h-docker-29.3.1"
      },
      "system": "aarch64-linux",
      "group": "toplevel",
      "priority": 5
    },
    {
      "attr_path": "docker",
      "broken": false,
      "derivation": "/nix/store/n7m3dhifplyzqgid446s6dyw2sshsv4g-docker-29.3.1.drv",
      "description": "Open source project to pack, ship and run any application as a lightweight container",
      "install_id": "docker",
      "license": "Apache-2.0",
      "locked_url": "https://github.com/flox/nixpkgs?rev=4c1018dae018162ec878d42fec712642d214fdfa",
      "name": "docker-29.3.1",
      "pname": "docker",
      "rev": "4c1018dae018162ec878d42fec712642d214fdfa",
      "rev_count": 977467,
      "rev_date": "2026-04-09T04:48:10Z",
      "scrape_date": "2026-04-11T07:05:08.727776Z",
      "stabilities": [
        "unstable"
      ],
      "unfree": false,
      "version": "29.3.1",
      "outputs_to_install": [
        "out"
      ],
      "outputs": {
        "out": "/nix/store/8h7f7b47j48f2w1m5s2809i3x3zif0zx-docker-29.3.1"
      },
      "system": "x86_64-darwin",
      "group": "toplevel",
      "priority": 5
    },
    {
      "attr_path": "docker",
      "broken": false,
      "derivation": "/nix/store/mmkbpvbhr1dnaxrzwpkggjd9xfwbhrvr-docker-29.3.1.drv",
      "description": "Open source project to pack, ship and run any application as a lightweight container",
      "install_id": "docker",
      "license": "Apache-2.0",
      "locked_url": "https://github.com/flox/nixpkgs?rev=4c1018dae018162ec878d42fec712642d214fdfa",
      "name": "docker-29.3.1",
      "pname": "docker",
      "rev": "4c1018dae018162ec878d42fec712642d214fdfa",
      "rev_count": 977467,
      "rev_date": "2026-04-09T04:48:10Z",
      "scrape_date": "2026-04-11T07:39:13.528849Z",
      "stabilities": [
        "unstable"
      ],
      "unfree": false,
      "version": "29.3.1",
      "outputs_to_install": [
        "out"
      ],
      "outputs": {
        "out": "/nix/store/hzdp57vcwkk06sib356k6f0wf25p2vsq-docker-29.3.1"
      },
      "system": "x86_64-linux",
      "group": "toplevel",
      "priority": 5
    },
    {
      "attr_path": "nodejs",
      "broken": false,
      "derivation": "/nix/store/g2yfx00n1lp9i8ka7nbl11fawc0yfm7n-nodejs-24.14.0.drv",
      "description": "Event-driven I/O framework for the V8 JavaScript engine",
      "install_id": "nodejs",
      "license": "MIT",
      "locked_url": "https://github.com/flox/nixpkgs?rev=4c1018dae018162ec878d42fec712642d214fdfa",
      "name": "nodejs-24.14.0",
      "pname": "nodejs",
      "rev": "4c1018dae018162ec878d42fec712642d214fdfa",
      "rev_count": 977467,
      "rev_date": "2026-04-09T04:48:10Z",
      "scrape_date": "2026-04-11T06:03:57.707117Z",
      "stabilities": [
        "unstable"
      ],
      "unfree": false,
      "version": "24.14.0",
      "outputs_to_install": [
        "out",
        "out",
        "out"
      ],
      "outputs": {
        "out": "/nix/store/d5hw52iialz64hvfzfp9qm1gr2fp43kx-nodejs-24.14.0"
      },
      "system": "aarch64-darwin",
      "group": "toplevel",
      "priority": 5
    },
    {
      "attr_path": "nodejs",
      "broken": false,
      "derivation": "/nix/store/jj8rw2gnisil7dw10xi2qdinad9jqp7s-nodejs-24.14.0.drv",
      "description": "Event-driven I/O framework for the V8 JavaScript engine",
      "install_id": "nodejs",
      "license": "MIT",
      "locked_url": "https://github.com/flox/nixpkgs?rev=4c1018dae018162ec878d42fec712642d214fdfa",
      "name": "nodejs-24.14.0",
      "pname": "nodejs",
      "rev": "4c1018dae018162ec878d42fec712642d214fdfa",
      "rev_count": 977467,
      "rev_date": "2026-04-09T04:48:10Z",
      "scrape_date": "2026-04-11T06:35:36.458758Z",
      "stabilities": [
        "unstable"
      ],
      "unfree": false,
      "version": "24.14.0",
      "outputs_to_install": [
        "out",
        "out"
      ],
      "outputs": {
        "out": "/nix/store/vs8zaq8fvbbjqfg4bzn424kn55sj7s7y-nodejs-24.14.0"
      },
      "system": "aarch64-linux",
      "group": "toplevel",
      "priority": 5
    },
    {
      "attr_path": "nodejs",
      "broken": false,
      "derivation": "/nix/store/l9ksrfa960964gqf23yfr7a66a2n18c1-nodejs-24.14.0.drv",
      "description": "Event-driven I/O framework for the V8 JavaScript engine",
      "install_id": "nodejs",
      "license": "MIT",
      "locked_url": "https://github.com/flox/nixpkgs?rev=4c1018dae018162ec878d42fec712642d214fdfa",
      "name": "nodejs-24.14.0",
      "pname": "nodejs",
      "rev": "4c1018dae018162ec878d42fec712642d214fdfa",
      "rev_count": 977467,
      "rev_date": "2026-04-09T04:48:10Z",
      "scrape_date": "2026-04-11T07:05:32.402959Z",
      "stabilities": [
        "unstable"
      ],
      "unfree": false,
      "version": "24.14.0",
      "outputs_to_install": [
        "out",
        "out"
      ],
      "outputs": {
        "out": "/nix/store/70ypbaj273w2kk0nrs4vijizyqgbg48v-nodejs-24.14.0"
      },
      "system": "x86_64-darwin",
      "group": "toplevel",
      "priority": 5
    },
    {
      "attr_path": "nodejs",
      "broken": false,
      "derivation": "/nix/store/15s1kk2n6vg180wg04wj2wgnl19f03v7-nodejs-24.14.0.drv",
      "description": "Event-driven I/O framework for the V8 JavaScript engine",
      "install_id": "nodejs",
      "license": "MIT",
      "locked_url": "https://github.com/flox/nixpkgs?rev=4c1018dae018162ec878d42fec712642d214fdfa",
      "name": "nodejs-24.14.0",
      "pname": "nodejs",
      "rev": "4c1018dae018162ec878d42fec712642d214fdfa",
      "rev_count": 977467,
      "rev_date": "2026-04-09T04:48:10Z",
      "scrape_date": "2026-04-11T07:39:52.537424Z",
      "stabilities": [
        "unstable"
      ],
      "unfree": false,
      "version": "24.14.0",
      "outputs_to_install": [
        "out",
        "out"
      ],
      "outputs": {
        "out": "/nix/store/v2210ar51jddnrcx46m53ivv9palc26m-nodejs-24.14.0"
      },
      "system": "x86_64-linux",
      "group": "toplevel",
      "priority": 5
    },
    {
      "attr_path": "podman",
      "broken": false,
      "derivation": "/nix/store/7bs9wv5h82krpaf4k3r0r0l08awn74zi-podman-5.8.1.drv",
      "description": "Program for managing pods, containers and container images",
      "install_id": "podman",
      "license": "Apache-2.0",
      "locked_url": "https://github.com/flox/nixpkgs?rev=4c1018dae018162ec878d42fec712642d214fdfa",
      "name": "podman-5.8.1",
      "pname": "podman",
      "rev": "4c1018dae018162ec878d42fec712642d214fdfa",
      "rev_count": 977467,
      "rev_date": "2026-04-09T04:48:10Z",
      "scrape_date": "2026-04-11T06:04:12.730517Z",
      "stabilities": [
        "unstable"
      ],
      "unfree": false,
      "version": "5.8.1",
      "outputs_to_install": [
        "man",
        "out"
      ],
      "outputs": {
        "man": "/nix/store/y5s91b5k6ipkp3d8pnd6419c1vf03ii6-podman-5.8.1-man",
        "out": "/nix/store/1a9pny79n0na7m3vnskr3nqvba0ccb00-podman-5.8.1"
      },
      "system": "aarch64-darwin",
      "group": "toplevel",
      "priority": 5
    },
    {
      "attr_path": "podman",
      "broken": false,
      "derivation": "/nix/store/n2mmxcp4ia3wfn67rnjfizzvk0lp6r1b-podman-5.8.1.drv",
      "description": "Program for managing pods, containers and container images",
      "install_id": "podman",
      "license": "Apache-2.0",
      "locked_url": "https://github.com/flox/nixpkgs?rev=4c1018dae018162ec878d42fec712642d214fdfa",
      "name": "podman-5.8.1",
      "pname": "podman",
      "rev": "4c1018dae018162ec878d42fec712642d214fdfa",
      "rev_count": 977467,
      "rev_date": "2026-04-09T04:48:10Z",
      "scrape_date": "2026-04-11T06:35:55.524266Z",
      "stabilities": [
        "unstable"
      ],
      "unfree": false,
      "version": "5.8.1",
      "outputs_to_install": [
        "man",
        "out"
      ],
      "outputs": {
        "man": "/nix/store/ahrr5z18a7dsf77zyiafkqbp21j8mg6y-podman-5.8.1-man",
        "out": "/nix/store/902lbbgfb4md5pyhkjv32danl66rl2wv-podman-5.8.1"
      },
      "system": "aarch64-linux",
      "group": "toplevel",
      "priority": 5
    },
    {
      "attr_path": "podman",
      "broken": false,
      "derivation": "/nix/store/h31i8ssqzkqrd09vd7xbzjqi46j2s6v0-podman-5.8.1.drv",
      "description": "Program for managing pods, containers and container images",
      "install_id": "podman",
      "license": "Apache-2.0",
      "locked_url": "https://github.com/flox/nixpkgs?rev=4c1018dae018162ec878d42fec712642d214fdfa",
      "name": "podman-5.8.1",
      "pname": "podman",
      "rev": "4c1018dae018162ec878d42fec712642d214fdfa",
      "rev_count": 977467,
      "rev_date": "2026-04-09T04:48:10Z",
      "scrape_date": "2026-04-11T07:05:46.450531Z",
      "stabilities": [
        "unstable"
      ],
      "unfree": false,
      "version": "5.8.1",
      "outputs_to_install": [
        "man",
        "out"
      ],
      "outputs": {
        "man": "/nix/store/qjg4d8vgsmsz1xxaqy4c06rwm5fb5pmf-podman-5.8.1-man",
        "out": "/nix/store/rlll5c2h6kv9vvf9kbl2p2ykwkzj4hfc-podman-5.8.1"
      },
      "system": "x86_64-darwin",
      "group": "toplevel",
      "priority": 5
    },
    {
      "attr_path": "podman",
      "broken": false,
      "derivation": "/nix/store/fi9d7dj6lbwrksk47w77ynf566q5wska-podman-5.8.1.drv",
      "description": "Program for managing pods, containers and container images",
      "install_id": "podman",
      "license": "Apache-2.0",
      "locked_url": "https://github.com/flox/nixpkgs?rev=4c1018dae018162ec878d42fec712642d214fdfa",
      "name": "podman-5.8.1",
      "pname": "podman",
      "rev": "4c1018dae018162ec878d42fec712642d214fdfa",
      "rev_count": 977467,
      "rev_date": "2026-04-09T04:48:10Z",
      "scrape_date": "2026-04-11T07:40:13.090748Z",
      "stabilities": [
        "unstable"
      ],
      "unfree": false,
      "version": "5.8.1",
      "outputs_to_install": [
        "man",
        "out"
      ],
      "outputs": {
        "man": "/nix/store/6cb7vinrrhgk11yf2mb0r1cd2sig20gs-podman-5.8.1-man",
        "out": "/nix/store/bmw82lk8h792b128zvbcaff5mnwrk6m6-podman-5.8.1"
      },
      "system": "x86_64-linux",
      "group": "toplevel",
      "priority": 5
    }
  ]
}